{
  "js": {
    "datastar": {
      "url": "https://cdn.jsdelivr.net/gh/starfederation/datastar@v1.0.3/bundles/datastar.js",
      "sha256": "5d6b7794a50a83d82da962aec5e382f5ae83ac7afbc751f903f7a9c6bd433c65",
      "source_sha256": "5d6b7794a50a83d82da962aec5e382f5ae83ac7afbc751f903f7a9c6bd433c65"
    }
  },
  "bin": {},
  "pkg": {
    "basecoat": {
      "url": "https://registry.npmjs.org/basecoat-css/-/basecoat-css-1.0.2.tgz",
      "sha256": "b493e77a7ee0b945e41398f5aee186ffa692f930751b960f5ac0853e4b54de48",
      "files": [
        "base/base.css",
        "basecoat-base.cdn.css",
        "basecoat-base.cdn.min.css",
        "basecoat-base.css",
        "basecoat-compat.cdn.css",
        "basecoat-compat.cdn.min.css",
        "basecoat-compat.css",
        "basecoat-components.css",
        "basecoat-luma.cdn.css",
        "basecoat-luma.cdn.min.css",
        "basecoat-luma.css",
        "basecoat-lyra.cdn.css",
        "basecoat-lyra.cdn.min.css",
        "basecoat-lyra.css",
        "basecoat-maia.cdn.css",
        "basecoat-maia.cdn.min.css",
        "basecoat-maia.css",
        "basecoat-mira.cdn.css",
        "basecoat-mira.cdn.min.css",
        "basecoat-mira.css",
        "basecoat-nova.cdn.css",
        "basecoat-nova.cdn.min.css",
        "basecoat-nova.css",
        "basecoat-rhea.cdn.css",
        "basecoat-rhea.cdn.min.css",
        "basecoat-rhea.css",
        "basecoat-sera.cdn.css",
        "basecoat-sera.cdn.min.css",
        "basecoat-sera.css",
        "basecoat-vega.cdn.css",
        "basecoat-vega.cdn.min.css",
        "basecoat-vega.css",
        "basecoat.all.css",
        "basecoat.cdn.css",
        "basecoat.cdn.min.css",
        "basecoat.css",
        "compat/legacy.css",
        "components/accordion.css",
        "components/alert.css",
        "components/avatar.css",
        "components/badge.css",
        "components/breadcrumb.css",
        "components/button-group.css",
        "components/button.css",
        "components/card.css",
        "components/chart.css",
        "components/checkbox.css",
        "components/collapsible.css",
        "components/combobox.css",
        "components/command.css",
        "components/dialog.css",
        "components/drawer.css",
        "components/dropdown-menu.css",
        "components/empty.css",
        "components/field.css",
        "components/form.css",
        "components/input-group.css",
        "components/input.css",
        "components/item.css",
        "components/kbd.css",
        "components/label.css",
        "components/native-select.css",
        "components/popover.css",
        "components/progress.css",
        "components/radio.css",
        "components/range.css",
        "components/scrollbar.css",
        "components/select.css",
        "components/sidebar.css",
        "components/skeleton.css",
        "components/switch.css",
        "components/table.css",
        "components/tabs.css",
        "components/textarea.css",
        "components/toast.css",
        "components/tooltip.css",
        "js/accordion.js",
        "js/accordion.min.js",
        "js/all.js",
        "js/all.min.js",
        "js/basecoat.js",
        "js/basecoat.min.js",
        "js/chart.js",
        "js/chart.min.js",
        "js/combobox.js",
        "js/combobox.min.js",
        "js/command.js",
        "js/command.min.js",
        "js/drawer.js",
        "js/drawer.min.js",
        "js/dropdown-menu.js",
        "js/dropdown-menu.min.js",
        "js/popover.js",
        "js/popover.min.js",
        "js/range.js",
        "js/range.min.js",
        "js/select.js",
        "js/select.min.js",
        "js/sidebar.js",
        "js/sidebar.min.js",
        "js/tabs.js",
        "js/tabs.min.js",
        "js/toast.js",
        "js/toast.min.js",
        "styles/luma.css",
        "styles/lyra.css",
        "styles/maia.css",
        "styles/mira.css",
        "styles/nova.css",
        "styles/rhea.css",
        "styles/sera.css",
        "styles/vega.css"
      ]
    }
  }
}
