{
  "js": {
    "datastar": {
      "url": "https://cdn.jsdelivr.net/gh/starfederation/datastar@v1.0.3/bundles/datastar.js",
      "sha256": "5d6b7794a50a83d82da962aec5e382f5ae83ac7afbc751f903f7a9c6bd433c65",
      "source_sha256": "5d6b7794a50a83d82da962aec5e382f5ae83ac7afbc751f903f7a9c6bd433c65"
    }
  },
  "bin": {}
}
